Microsoft Visual Studio Solution File, Format Version 12.00
# Visual Studio Version 17
VisualStudioVersion = 17.5.2.0
MinimumVisualStudioVersion = 10.0.40219.1
Project("{FAE04EC0-301F-11D3-BF4B-00C04F79EFBC}") = "DkpSystem", "DkpSystem\DkpSystem.csproj", "{C254DC0C-1646-9596-3485-5B6D8D853108}"
EndProject
Project("{FAE04EC0-301F-11D3-BF4B-00C04F79EFBC}") = "DkpSystem.Tests", "DkpSystem.Tests\DkpSystem.Tests.csproj", "{88572916-832C-412A-A51E-78733166658C}"
EndProject
Global
	GlobalSection(SolutionConfigurationPlatforms) = preSolution
		Debug|Any CPU = Debug|Any CPU
		Release|Any CPU = Release|Any CPU
	EndGlobalSection
	GlobalSection(ProjectConfigurationPlatforms) = postSolution
		{C254DC0C-1646-9596-3485-5B6D8D853108}.Debug|Any CPU.ActiveCfg = Debug|Any CPU
		{C254DC0C-1646-9596-3485-5B6D8D853108}.Debug|Any CPU.Build.0 = Debug|Any CPU
		{C254DC0C-1646-9596-3485-5B6D8D853108}.Release|Any CPU.ActiveCfg = Release|Any CPU
		{C254DC0C-1646-9596-3485-5B6D8D853108}.Release|Any CPU.Build.0 = Release|Any CPU
		{88572916-832C-412A-A51E-78733166658C}.Debug|Any CPU.ActiveCfg = Debug|Any CPU
		{88572916-832C-412A-A51E-78733166658C}.Debug|Any CPU.Build.0 = Debug|Any CPU
		{88572916-832C-412A-A51E-78733166658C}.Release|Any CPU.ActiveCfg = Release|Any CPU
		{88572916-832C-412A-A51E-78733166658C}.Release|Any CPU.Build.0 = Release|Any CPU
	EndGlobalSection
	GlobalSection(SolutionProperties) = preSolution
		HideSolutionNode = FALSE
	EndGlobalSection
	GlobalSection(ExtensibilityGlobals) = postSolution
		SolutionGuid = {EC7FA14D-A3F4-414E-9BC3-E9BDBCF895E4}
	EndGlobalSection
EndGlobal
